{
  "name": "mixparty",
  "version": "1.0.0",
  "lockfileVersion": 3,
  "requires": true,
  "packages": {
    "": {
      "name": "mixparty",
      "version": "1.0.0",
      "license": "ISC",
      "devDependencies": {
        "turbo": "^2.10.7"
      }
    },
    "node_modules/@turbo/darwin-64": {
      "version": "2.10.7",
      "resolved": "https://registry.npmjs.org/@turbo/darwin-64/-/darwin-64-2.10.7.tgz",
      "integrity": "sha512-/c9cSBRermWDv85oufLhoH6XRLOVbvzJLRd+WLyfJCP+i0HFLQj4PVNDrHcY17/ve5l8X0Oua4bJBqJUgJPnZA==",
      "cpu": [
        "x64"
      ],
      "dev": true,
      "license": "MIT",
      "optional": true,
      "os": [
        "darwin"
      ]
    },
    "node_modules/@turbo/darwin-arm64": {
      "version": "2.10.7",
      "resolved": "https://registry.npmjs.org/@turbo/darwin-arm64/-/darwin-arm64-2.10.7.tgz",
      "integrity": "sha512-8lpCCGWZBl9PIF8w8f2iEWrLMbHBWIfJeV6l2UEGqysD6HRIM4ySj/8R7HGEzbECJ4r/gnJcHmxEoG8yjFe64A==",
      "cpu": [
        "arm64"
      ],
      "dev": true,
      "license": "MIT",
      "optional": true,
      "os": [
        "darwin"
      ]
    },
    "node_modules/@turbo/linux-64": {
      "version": "2.10.7",
      "resolved": "https://registry.npmjs.org/@turbo/linux-64/-/linux-64-2.10.7.tgz",
      "integrity": "sha512-Midw9Ed00yw9rqkWN82fY3LmLNFQ6yiL1GXB56DJKUEjWaEd27zh7ohCxzzrjfjQVrEeVWd3UPytTAV16XDQlA==",
      "cpu": [
        "x64"
      ],
      "dev": true,
      "license": "MIT",
      "optional": true,
      "os": [
        "linux"
      ]
    },
    "node_modules/@turbo/linux-arm64": {
      "version": "2.10.7",
      "resolved": "https://registry.npmjs.org/@turbo/linux-arm64/-/linux-arm64-2.10.7.tgz",
      "integrity": "sha512-UVEy+MW/xn4BcsiV3v3uv0/oObyaQgVtRT+Jj4WE53rNH05VEYEc1Z13q3zV6276wCZR4Yxc4hiTTcjw7PjSpg==",
      "cpu": [
        "arm64"
      ],
      "dev": true,
      "license": "MIT",
      "optional": true,
      "os": [
        "linux"
      ]
    },
    "node_modules/@turbo/windows-64": {
      "version": "2.10.7",
      "resolved": "https://registry.npmjs.org/@turbo/windows-64/-/windows-64-2.10.7.tgz",
      "integrity": "sha512-l2nH9KGLV46SWjcXvyc2+xo5gdf5J0NVADknQk9OCJhzJBpiNl/byd26yIfwZBjLupdqT6UOdPhPxcpUPxRykQ==",
      "cpu": [
        "x64"
      ],
      "dev": true,
      "license": "MIT",
      "optional": true,
      "os": [
        "win32"
      ]
    },
    "node_modules/@turbo/windows-arm64": {
      "version": "2.10.7",
      "resolved": "https://registry.npmjs.org/@turbo/windows-arm64/-/windows-arm64-2.10.7.tgz",
      "integrity": "sha512-qjE1apG6RThuX49vUJd5ks2dV2ndXC2qktDChQonFMvUzrMrEnZMQzO+IgxBiYq1j+NbXQcRwj84nGnk1TBw1g==",
      "cpu": [
        "arm64"
      ],
      "dev": true,
      "license": "MIT",
      "optional": true,
      "os": [
        "win32"
      ]
    },
    "node_modules/turbo": {
      "version": "2.10.7",
      "resolved": "https://registry.npmjs.org/turbo/-/turbo-2.10.7.tgz",
      "integrity": "sha512-GHx6WExIFSKNJ5qMlzDpXBXlu9ApxaMjqxAVrCNcW94xf/+uqgIz41SAuRUMbXva2ExNAaY/h8V0q90SWSzmRw==",
      "dev": true,
      "license": "MIT",
      "bin": {
        "turbo": "bin/turbo"
      },
      "optionalDependencies": {
        "@turbo/darwin-64": "2.10.7",
        "@turbo/darwin-arm64": "2.10.7",
        "@turbo/linux-64": "2.10.7",
        "@turbo/linux-arm64": "2.10.7",
        "@turbo/windows-64": "2.10.7",
        "@turbo/windows-arm64": "2.10.7"
      }
    }
  }
}
